
Microsoft Visual Studio Solution File, Format Version 12.00
# Visual Studio Version 16
VisualStudioVersion = 16.0.30114.105
MinimumVisualStudioVersion = 10.0.40219.1
Project("{2150E333-8FDC-42A3-9474-1A3956D46DE8}") = "hive.core", "hive.core", "{650A1B8E-7D2A-4C89-A4A4-ED849B4F421F}"
EndProject
Project("{2150E333-8FDC-42A3-9474-1A3956D46DE8}") = "src", "src", "{DF8CC8C9-89BB-450D-A06D-5DE35890FAEA}"
EndProject
Project("{FAE04EC0-301F-11D3-BF4B-00C04F79EFBC}") = "Hive.Abstractions", "hive.core\src\Hive.Abstractions\Hive.Abstractions.csproj", "{5D1A740E-1E84-4833-9E4C-586FB9D35003}"
EndProject
Project("{FAE04EC0-301F-11D3-BF4B-00C04F79EFBC}") = "Hive.Testing", "hive.core\src\Hive.Testing\Hive.Testing.csproj", "{405C5827-16D9-4F61-9228-797957EBC890}"
EndProject
Project("{2150E333-8FDC-42A3-9474-1A3956D46DE8}") = "tests", "tests", "{0A3A84EA-0C1E-48E9-ACBE-1135512F1A48}"
EndProject
Project("{FAE04EC0-301F-11D3-BF4B-00C04F79EFBC}") = "Hive.Abstractions.Tests", "hive.core\tests\Hive.Abstractions.Tests\Hive.Abstractions.Tests.csproj", "{DBE71F8C-2F7E-46F2-9EF3-FEFDF057398A}"
EndProject
Project("{2150E333-8FDC-42A3-9474-1A3956D46DE8}") = "hive.microservices", "hive.microservices", "{6C570A07-3D47-4F4B-B48A-E693934BB504}"
EndProject
Project("{2150E333-8FDC-42A3-9474-1A3956D46DE8}") = "src", "src", "{DA6AB591-BEB6-4F6B-B8B9-847A1E75DC0C}"
EndProject
Project("{FAE04EC0-301F-11D3-BF4B-00C04F79EFBC}") = "Hive.MicroServices", "hive.microservices\src\Hive.MicroServices\Hive.MicroServices.csproj", "{7882DBA5-F87A-4AB0-A60A-0B4D47D6F763}"
EndProject
Project("{FAE04EC0-301F-11D3-BF4B-00C04F79EFBC}") = "Hive.MicroServices.Job", "hive.microservices\src\Hive.MicroServices.Job\Hive.MicroServices.Job.csproj", "{12425F6B-C2EC-4111-956F-3BC7E20E3C3D}"
EndProject
Project("{FAE04EC0-301F-11D3-BF4B-00C04F79EFBC}") = "Hive.MicroServices.Grpc", "hive.microservices\src\Hive.MicroServices.Grpc\Hive.MicroServices.Grpc.csproj", "{359AD44B-855C-4CF7-A58C-23648225B8CB}"
EndProject
Project("{FAE04EC0-301F-11D3-BF4B-00C04F79EFBC}") = "Hive.MicroServices.GraphQL", "hive.microservices\src\Hive.MicroServices.GraphQL\Hive.MicroServices.GraphQL.csproj", "{EFBF0B5F-644B-4565-846E-352E84561499}"
EndProject
Project("{FAE04EC0-301F-11D3-BF4B-00C04F79EFBC}") = "Hive.MicroServices.Api", "hive.microservices\src\Hive.MicroServices.Api\Hive.MicroServices.Api.csproj", "{AB0E5787-D78A-4A10-96CC-7B48CCA7A2AB}"
EndProject
Project("{2150E333-8FDC-42A3-9474-1A3956D46DE8}") = "tests", "tests", "{383DE64A-AD12-48EF-B6A1-11D0132330FC}"
EndProject
Project("{FAE04EC0-301F-11D3-BF4B-00C04F79EFBC}") = "Hive.MicroServices.Tests", "hive.microservices\tests\Hive.MicroServices.Tests\Hive.MicroServices.Tests.csproj", "{ADB1A431-FB65-420D-B164-59699A919E80}"
EndProject
Project("{2150E333-8FDC-42A3-9474-1A3956D46DE8}") = "demo", "demo", "{91B02555-8919-4F8E-A3ED-9B73FA898067}"
EndProject
Project("{2150E333-8FDC-42A3-9474-1A3956D46DE8}") = "hive.opentelemetry", "hive.opentelemetry", "{C5892F32-3E30-48B5-9259-71F649760EF6}"
EndProject
Project("{2150E333-8FDC-42A3-9474-1A3956D46DE8}") = "src", "src", "{17C230F7-F05D-4D9E-989B-BDF5016F56ED}"
EndProject
Project("{2150E333-8FDC-42A3-9474-1A3956D46DE8}") = "tests", "tests", "{092FBD16-5621-403E-AC2B-2AB1C9C6BA3F}"
EndProject
Project("{FAE04EC0-301F-11D3-BF4B-00C04F79EFBC}") = "Hive.OpenTelemetry", "hive.opentelemetry\src\Hive.OpenTelemetry\Hive.OpenTelemetry.csproj", "{86354220-6869-4A86-8D0D-DAAC753A001F}"
EndProject
Project("{FAE04EC0-301F-11D3-BF4B-00C04F79EFBC}") = "Hive.MicroServices.Demo.Api", "hive.microservices\demo\Hive.MicroServices.Demo.Api\Hive.MicroServices.Demo.Api.csproj", "{D32F574E-4AE4-4036-8279-7D19A8D35A13}"
EndProject
Project("{FAE04EC0-301F-11D3-BF4B-00C04F79EFBC}") = "Hive.MicroServices.Demo.Aspire", "hive.microservices\demo\Hive.MicroServices.Demo.Aspire\Hive.MicroServices.Demo.Aspire.csproj", "{380C2A38-8424-49C2-B2F5-1CB532D5A3F8}"
EndProject
Project("{FAE04EC0-301F-11D3-BF4B-00C04F79EFBC}") = "Hive.MicroServices.Demo.ServiceDefaults", "hive.microservices\demo\Hive.MicroServices.Demo.ServiceDefaults\Hive.MicroServices.Demo.ServiceDefaults.csproj", "{0CCC05F9-6FA0-464F-9543-89923C52A338}"
EndProject
Project("{FAE04EC0-301F-11D3-BF4B-00C04F79EFBC}") = "Hive.OpenTelemetry.Tests", "hive.opentelemetry\tests\Hive.OpenTelemetry.Tests\Hive.OpenTelemetry.Tests.csproj", "{68CBA07C-6E5F-44DF-B056-919EBDE5009C}"
EndProject
Project("{FAE04EC0-301F-11D3-BF4B-00C04F79EFBC}") = "Hive.MicroServices.Testing", "hive.microservices\src\Hive.MicroServices.Testing\Hive.MicroServices.Testing.csproj", "{C22B628D-7E1D-4087-BC7D-53218C93C193}"
EndProject
Project("{2150E333-8FDC-42A3-9474-1A3956D46DE8}") = "hive.functions", "hive.functions", "{4AD9D757-3B2B-BCF0-CAB8-9D7B5DBFC9F5}"
EndProject
Project("{2150E333-8FDC-42A3-9474-1A3956D46DE8}") = "src", "src", "{314DBC80-0B15-C511-3C7D-4321B1EE0167}"
EndProject
Project("{FAE04EC0-301F-11D3-BF4B-00C04F79EFBC}") = "Hive.Functions", "hive.functions\src\Hive.Functions\Hive.Functions.csproj", "{CFC573EB-2676-4FFF-805D-4C892E103797}"
EndProject
Project("{2150E333-8FDC-42A3-9474-1A3956D46DE8}") = "demo", "demo", "{DA8FA49E-FFA5-A8C0-8BCA-43F949B43109}"
EndProject
Project("{FAE04EC0-301F-11D3-BF4B-00C04F79EFBC}") = "Hive.Functions.Demo", "hive.functions\demo\Hive.Functions.Demo\Hive.Functions.Demo.csproj", "{C1E19AC8-FBB8-43B7-867A-3648D629AE72}"
EndProject
Project("{2150E333-8FDC-42A3-9474-1A3956D46DE8}") = "tests", "tests", "{0E88ED26-EC31-C9D0-E78A-F8A74015C708}"
EndProject
Project("{FAE04EC0-301F-11D3-BF4B-00C04F79EFBC}") = "Hive.Functions.Tests", "hive.functions\tests\Hive.Functions.Tests\Hive.Functions.Tests.csproj", "{D6D33370-D210-4019-8DCD-6BE326EE2466}"
EndProject
Project("{FAE04EC0-301F-11D3-BF4B-00C04F79EFBC}") = "Hive.MicroServices.Demo.ApiControllers", "hive.microservices\demo\Hive.MicroServices.Demo.ApiControllers\Hive.MicroServices.Demo.ApiControllers.csproj", "{A1C3570B-E3F1-46F7-AFD0-A5C6F34B6488}"
EndProject
Project("{FAE04EC0-301F-11D3-BF4B-00C04F79EFBC}") = "Hive.MicroServices.Demo.GraphQL", "hive.microservices\demo\Hive.MicroServices.Demo.GraphQL\Hive.MicroServices.Demo.GraphQL.csproj", "{9FDA8A9D-EA30-4689-ADC7-28FCA108FED3}"
EndProject
Project("{FAE04EC0-301F-11D3-BF4B-00C04F79EFBC}") = "Hive.MicroServices.Demo.Grpc", "hive.microservices\demo\Hive.MicroServices.Demo.Grpc\Hive.MicroServices.Demo.Grpc.csproj", "{8055469A-3AE5-413B-939C-27948C53D90B}"
EndProject
Project("{FAE04EC0-301F-11D3-BF4B-00C04F79EFBC}") = "Hive.MicroServices.Demo.GrpcCodeFirst", "hive.microservices\demo\Hive.MicroServices.Demo.GrpcCodeFirst\Hive.MicroServices.Demo.GrpcCodeFirst.csproj", "{731B9272-987F-4641-9A4F-69BA750E0F60}"
EndProject
Project("{FAE04EC0-301F-11D3-BF4B-00C04F79EFBC}") = "Hive.MicroServices.Demo", "hive.microservices\demo\Hive.MicroServices.Demo\Hive.MicroServices.Demo.csproj", "{E1608528-76DC-4A73-93F0-0427A6BF6852}"
EndProject
Project("{FAE04EC0-301F-11D3-BF4B-00C04F79EFBC}") = "Hive.MicroServices.Demo.Job", "hive.microservices\demo\Hive.MicroServices.Demo.Job\Hive.MicroServices.Demo.Job.csproj", "{C89BA6BA-9C60-4A25-B41E-2FAD6598D222}"
EndProject
Global
	GlobalSection(SolutionConfigurationPlatforms) = preSolution
		Debug|Any CPU = Debug|Any CPU
		Debug|x64 = Debug|x64
		Debug|x86 = Debug|x86
		Release|Any CPU = Release|Any CPU
		Release|x64 = Release|x64
		Release|x86 = Release|x86
	EndGlobalSection
	GlobalSection(ProjectConfigurationPlatforms) = postSolution
		{5D1A740E-1E84-4833-9E4C-586FB9D35003}.Debug|Any CPU.ActiveCfg = Debug|Any CPU
		{5D1A740E-1E84-4833-9E4C-586FB9D35003}.Debug|Any CPU.Build.0 = Debug|Any CPU
		{5D1A740E-1E84-4833-9E4C-586FB9D35003}.Debug|x64.ActiveCfg = Debug|Any CPU
		{5D1A740E-1E84-4833-9E4C-586FB9D35003}.Debug|x64.Build.0 = Debug|Any CPU
		{5D1A740E-1E84-4833-9E4C-586FB9D35003}.Debug|x86.ActiveCfg = Debug|Any CPU
		{5D1A740E-1E84-4833-9E4C-586FB9D35003}.Debug|x86.Build.0 = Debug|Any CPU
		{5D1A740E-1E84-4833-9E4C-586FB9D35003}.Release|Any CPU.ActiveCfg = Release|Any CPU
		{5D1A740E-1E84-4833-9E4C-586FB9D35003}.Release|Any CPU.Build.0 = Release|Any CPU
		{5D1A740E-1E84-4833-9E4C-586FB9D35003}.Release|x64.ActiveCfg = Release|Any CPU
		{5D1A740E-1E84-4833-9E4C-586FB9D35003}.Release|x64.Build.0 = Release|Any CPU
		{5D1A740E-1E84-4833-9E4C-586FB9D35003}.Release|x86.ActiveCfg = Release|Any CPU
		{5D1A740E-1E84-4833-9E4C-586FB9D35003}.Release|x86.Build.0 = Release|Any CPU
		{405C5827-16D9-4F61-9228-797957EBC890}.Debug|Any CPU.ActiveCfg = Debug|Any CPU
		{405C5827-16D9-4F61-9228-797957EBC890}.Debug|Any CPU.Build.0 = Debug|Any CPU
		{405C5827-16D9-4F61-9228-797957EBC890}.Debug|x64.ActiveCfg = Debug|Any CPU
		{405C5827-16D9-4F61-9228-797957EBC890}.Debug|x64.Build.0 = Debug|Any CPU
		{405C5827-16D9-4F61-9228-797957EBC890}.Debug|x86.ActiveCfg = Debug|Any CPU
		{405C5827-16D9-4F61-9228-797957EBC890}.Debug|x86.Build.0 = Debug|Any CPU
		{405C5827-16D9-4F61-9228-797957EBC890}.Release|Any CPU.ActiveCfg = Release|Any CPU
		{405C5827-16D9-4F61-9228-797957EBC890}.Release|Any CPU.Build.0 = Release|Any CPU
		{405C5827-16D9-4F61-9228-797957EBC890}.Release|x64.ActiveCfg = Release|Any CPU
		{405C5827-16D9-4F61-9228-797957EBC890}.Release|x64.Build.0 = Release|Any CPU
		{405C5827-16D9-4F61-9228-797957EBC890}.Release|x86.ActiveCfg = Release|Any CPU
		{405C5827-16D9-4F61-9228-797957EBC890}.Release|x86.Build.0 = Release|Any CPU
		{DBE71F8C-2F7E-46F2-9EF3-FEFDF057398A}.Debug|Any CPU.ActiveCfg = Debug|Any CPU
		{DBE71F8C-2F7E-46F2-9EF3-FEFDF057398A}.Debug|Any CPU.Build.0 = Debug|Any CPU
		{DBE71F8C-2F7E-46F2-9EF3-FEFDF057398A}.Debug|x64.ActiveCfg = Debug|Any CPU
		{DBE71F8C-2F7E-46F2-9EF3-FEFDF057398A}.Debug|x64.Build.0 = Debug|Any CPU
		{DBE71F8C-2F7E-46F2-9EF3-FEFDF057398A}.Debug|x86.ActiveCfg = Debug|Any CPU
		{DBE71F8C-2F7E-46F2-9EF3-FEFDF057398A}.Debug|x86.Build.0 = Debug|Any CPU
		{DBE71F8C-2F7E-46F2-9EF3-FEFDF057398A}.Release|Any CPU.ActiveCfg = Release|Any CPU
		{DBE71F8C-2F7E-46F2-9EF3-FEFDF057398A}.Release|Any CPU.Build.0 = Release|Any CPU
		{DBE71F8C-2F7E-46F2-9EF3-FEFDF057398A}.Release|x64.ActiveCfg = Release|Any CPU
		{DBE71F8C-2F7E-46F2-9EF3-FEFDF057398A}.Release|x64.Build.0 = Release|Any CPU
		{DBE71F8C-2F7E-46F2-9EF3-FEFDF057398A}.Release|x86.ActiveCfg = Release|Any CPU
		{DBE71F8C-2F7E-46F2-9EF3-FEFDF057398A}.Release|x86.Build.0 = Release|Any CPU
		{7882DBA5-F87A-4AB0-A60A-0B4D47D6F763}.Debug|Any CPU.ActiveCfg = Debug|Any CPU
		{7882DBA5-F87A-4AB0-A60A-0B4D47D6F763}.Debug|Any CPU.Build.0 = Debug|Any CPU
		{7882DBA5-F87A-4AB0-A60A-0B4D47D6F763}.Debug|x64.ActiveCfg = Debug|Any CPU
		{7882DBA5-F87A-4AB0-A60A-0B4D47D6F763}.Debug|x64.Build.0 = Debug|Any CPU
		{7882DBA5-F87A-4AB0-A60A-0B4D47D6F763}.Debug|x86.ActiveCfg = Debug|Any CPU
		{7882DBA5-F87A-4AB0-A60A-0B4D47D6F763}.Debug|x86.Build.0 = Debug|Any CPU
		{7882DBA5-F87A-4AB0-A60A-0B4D47D6F763}.Release|Any CPU.ActiveCfg = Release|Any CPU
		{7882DBA5-F87A-4AB0-A60A-0B4D47D6F763}.Release|Any CPU.Build.0 = Release|Any CPU
		{7882DBA5-F87A-4AB0-A60A-0B4D47D6F763}.Release|x64.ActiveCfg = Release|Any CPU
		{7882DBA5-F87A-4AB0-A60A-0B4D47D6F763}.Release|x64.Build.0 = Release|Any CPU
		{7882DBA5-F87A-4AB0-A60A-0B4D47D6F763}.Release|x86.ActiveCfg = Release|Any CPU
		{7882DBA5-F87A-4AB0-A60A-0B4D47D6F763}.Release|x86.Build.0 = Release|Any CPU
		{12425F6B-C2EC-4111-956F-3BC7E20E3C3D}.Debug|Any CPU.ActiveCfg = Debug|Any CPU
		{12425F6B-C2EC-4111-956F-3BC7E20E3C3D}.Debug|Any CPU.Build.0 = Debug|Any CPU
		{12425F6B-C2EC-4111-956F-3BC7E20E3C3D}.Debug|x64.ActiveCfg = Debug|Any CPU
		{12425F6B-C2EC-4111-956F-3BC7E20E3C3D}.Debug|x64.Build.0 = Debug|Any CPU
		{12425F6B-C2EC-4111-956F-3BC7E20E3C3D}.Debug|x86.ActiveCfg = Debug|Any CPU
		{12425F6B-C2EC-4111-956F-3BC7E20E3C3D}.Debug|x86.Build.0 = Debug|Any CPU
		{12425F6B-C2EC-4111-956F-3BC7E20E3C3D}.Release|Any CPU.ActiveCfg = Release|Any CPU
		{12425F6B-C2EC-4111-956F-3BC7E20E3C3D}.Release|Any CPU.Build.0 = Release|Any CPU
		{12425F6B-C2EC-4111-956F-3BC7E20E3C3D}.Release|x64.ActiveCfg = Release|Any CPU
		{12425F6B-C2EC-4111-956F-3BC7E20E3C3D}.Release|x64.Build.0 = Release|Any CPU
		{12425F6B-C2EC-4111-956F-3BC7E20E3C3D}.Release|x86.ActiveCfg = Release|Any CPU
		{12425F6B-C2EC-4111-956F-3BC7E20E3C3D}.Release|x86.Build.0 = Release|Any CPU
		{359AD44B-855C-4CF7-A58C-23648225B8CB}.Debug|Any CPU.ActiveCfg = Debug|Any CPU
		{359AD44B-855C-4CF7-A58C-23648225B8CB}.Debug|Any CPU.Build.0 = Debug|Any CPU
		{359AD44B-855C-4CF7-A58C-23648225B8CB}.Debug|x64.ActiveCfg = Debug|Any CPU
		{359AD44B-855C-4CF7-A58C-23648225B8CB}.Debug|x64.Build.0 = Debug|Any CPU
		{359AD44B-855C-4CF7-A58C-23648225B8CB}.Debug|x86.ActiveCfg = Debug|Any CPU
		{359AD44B-855C-4CF7-A58C-23648225B8CB}.Debug|x86.Build.0 = Debug|Any CPU
		{359AD44B-855C-4CF7-A58C-23648225B8CB}.Release|Any CPU.ActiveCfg = Release|Any CPU
		{359AD44B-855C-4CF7-A58C-23648225B8CB}.Release|Any CPU.Build.0 = Release|Any CPU
		{359AD44B-855C-4CF7-A58C-23648225B8CB}.Release|x64.ActiveCfg = Release|Any CPU
		{359AD44B-855C-4CF7-A58C-23648225B8CB}.Release|x64.Build.0 = Release|Any CPU
		{359AD44B-855C-4CF7-A58C-23648225B8CB}.Release|x86.ActiveCfg = Release|Any CPU
		{359AD44B-855C-4CF7-A58C-23648225B8CB}.Release|x86.Build.0 = Release|Any CPU
		{EFBF0B5F-644B-4565-846E-352E84561499}.Debug|Any CPU.ActiveCfg = Debug|Any CPU
		{EFBF0B5F-644B-4565-846E-352E84561499}.Debug|Any CPU.Build.0 = Debug|Any CPU
		{EFBF0B5F-644B-4565-846E-352E84561499}.Debug|x64.ActiveCfg = Debug|Any CPU
		{EFBF0B5F-644B-4565-846E-352E84561499}.Debug|x64.Build.0 = Debug|Any CPU
		{EFBF0B5F-644B-4565-846E-352E84561499}.Debug|x86.ActiveCfg = Debug|Any CPU
		{EFBF0B5F-644B-4565-846E-352E84561499}.Debug|x86.Build.0 = Debug|Any CPU
		{EFBF0B5F-644B-4565-846E-352E84561499}.Release|Any CPU.ActiveCfg = Release|Any CPU
		{EFBF0B5F-644B-4565-846E-352E84561499}.Release|Any CPU.Build.0 = Release|Any CPU
		{EFBF0B5F-644B-4565-846E-352E84561499}.Release|x64.ActiveCfg = Release|Any CPU
		{EFBF0B5F-644B-4565-846E-352E84561499}.Release|x64.Build.0 = Release|Any CPU
		{EFBF0B5F-644B-4565-846E-352E84561499}.Release|x86.ActiveCfg = Release|Any CPU
		{EFBF0B5F-644B-4565-846E-352E84561499}.Release|x86.Build.0 = Release|Any CPU
		{AB0E5787-D78A-4A10-96CC-7B48CCA7A2AB}.Debug|Any CPU.ActiveCfg = Debug|Any CPU
		{AB0E5787-D78A-4A10-96CC-7B48CCA7A2AB}.Debug|Any CPU.Build.0 = Debug|Any CPU
		{AB0E5787-D78A-4A10-96CC-7B48CCA7A2AB}.Debug|x64.ActiveCfg = Debug|Any CPU
		{AB0E5787-D78A-4A10-96CC-7B48CCA7A2AB}.Debug|x64.Build.0 = Debug|Any CPU
		{AB0E5787-D78A-4A10-96CC-7B48CCA7A2AB}.Debug|x86.ActiveCfg = Debug|Any CPU
		{AB0E5787-D78A-4A10-96CC-7B48CCA7A2AB}.Debug|x86.Build.0 = Debug|Any CPU
		{AB0E5787-D78A-4A10-96CC-7B48CCA7A2AB}.Release|Any CPU.ActiveCfg = Release|Any CPU
		{AB0E5787-D78A-4A10-96CC-7B48CCA7A2AB}.Release|Any CPU.Build.0 = Release|Any CPU
		{AB0E5787-D78A-4A10-96CC-7B48CCA7A2AB}.Release|x64.ActiveCfg = Release|Any CPU
		{AB0E5787-D78A-4A10-96CC-7B48CCA7A2AB}.Release|x64.Build.0 = Release|Any CPU
		{AB0E5787-D78A-4A10-96CC-7B48CCA7A2AB}.Release|x86.ActiveCfg = Release|Any CPU
		{AB0E5787-D78A-4A10-96CC-7B48CCA7A2AB}.Release|x86.Build.0 = Release|Any CPU
		{ADB1A431-FB65-420D-B164-59699A919E80}.Debug|Any CPU.ActiveCfg = Debug|Any CPU
		{ADB1A431-FB65-420D-B164-59699A919E80}.Debug|Any CPU.Build.0 = Debug|Any CPU
		{ADB1A431-FB65-420D-B164-59699A919E80}.Debug|x64.ActiveCfg = Debug|Any CPU
		{ADB1A431-FB65-420D-B164-59699A919E80}.Debug|x64.Build.0 = Debug|Any CPU
		{ADB1A431-FB65-420D-B164-59699A919E80}.Debug|x86.ActiveCfg = Debug|Any CPU
		{ADB1A431-FB65-420D-B164-59699A919E80}.Debug|x86.Build.0 = Debug|Any CPU
		{ADB1A431-FB65-420D-B164-59699A919E80}.Release|Any CPU.ActiveCfg = Release|Any CPU
		{ADB1A431-FB65-420D-B164-59699A919E80}.Release|Any CPU.Build.0 = Release|Any CPU
		{ADB1A431-FB65-420D-B164-59699A919E80}.Release|x64.ActiveCfg = Release|Any CPU
		{ADB1A431-FB65-420D-B164-59699A919E80}.Release|x64.Build.0 = Release|Any CPU
		{ADB1A431-FB65-420D-B164-59699A919E80}.Release|x86.ActiveCfg = Release|Any CPU
		{ADB1A431-FB65-420D-B164-59699A919E80}.Release|x86.Build.0 = Release|Any CPU
		{86354220-6869-4A86-8D0D-DAAC753A001F}.Debug|Any CPU.ActiveCfg = Debug|Any CPU
		{86354220-6869-4A86-8D0D-DAAC753A001F}.Debug|Any CPU.Build.0 = Debug|Any CPU
		{86354220-6869-4A86-8D0D-DAAC753A001F}.Debug|x64.ActiveCfg = Debug|Any CPU
		{86354220-6869-4A86-8D0D-DAAC753A001F}.Debug|x64.Build.0 = Debug|Any CPU
		{86354220-6869-4A86-8D0D-DAAC753A001F}.Debug|x86.ActiveCfg = Debug|Any CPU
		{86354220-6869-4A86-8D0D-DAAC753A001F}.Debug|x86.Build.0 = Debug|Any CPU
		{86354220-6869-4A86-8D0D-DAAC753A001F}.Release|Any CPU.ActiveCfg = Release|Any CPU
		{86354220-6869-4A86-8D0D-DAAC753A001F}.Release|Any CPU.Build.0 = Release|Any CPU
		{86354220-6869-4A86-8D0D-DAAC753A001F}.Release|x64.ActiveCfg = Release|Any CPU
		{86354220-6869-4A86-8D0D-DAAC753A001F}.Release|x64.Build.0 = Release|Any CPU
		{86354220-6869-4A86-8D0D-DAAC753A001F}.Release|x86.ActiveCfg = Release|Any CPU
		{86354220-6869-4A86-8D0D-DAAC753A001F}.Release|x86.Build.0 = Release|Any CPU
		{D32F574E-4AE4-4036-8279-7D19A8D35A13}.Debug|Any CPU.ActiveCfg = Debug|Any CPU
		{D32F574E-4AE4-4036-8279-7D19A8D35A13}.Debug|Any CPU.Build.0 = Debug|Any CPU
		{D32F574E-4AE4-4036-8279-7D19A8D35A13}.Debug|x64.ActiveCfg = Debug|Any CPU
		{D32F574E-4AE4-4036-8279-7D19A8D35A13}.Debug|x64.Build.0 = Debug|Any CPU
		{D32F574E-4AE4-4036-8279-7D19A8D35A13}.Debug|x86.ActiveCfg = Debug|Any CPU
		{D32F574E-4AE4-4036-8279-7D19A8D35A13}.Debug|x86.Build.0 = Debug|Any CPU
		{D32F574E-4AE4-4036-8279-7D19A8D35A13}.Release|Any CPU.ActiveCfg = Release|Any CPU
		{D32F574E-4AE4-4036-8279-7D19A8D35A13}.Release|Any CPU.Build.0 = Release|Any CPU
		{D32F574E-4AE4-4036-8279-7D19A8D35A13}.Release|x64.ActiveCfg = Release|Any CPU
		{D32F574E-4AE4-4036-8279-7D19A8D35A13}.Release|x64.Build.0 = Release|Any CPU
		{D32F574E-4AE4-4036-8279-7D19A8D35A13}.Release|x86.ActiveCfg = Release|Any CPU
		{D32F574E-4AE4-4036-8279-7D19A8D35A13}.Release|x86.Build.0 = Release|Any CPU
		{380C2A38-8424-49C2-B2F5-1CB532D5A3F8}.Debug|Any CPU.ActiveCfg = Debug|Any CPU
		{380C2A38-8424-49C2-B2F5-1CB532D5A3F8}.Debug|Any CPU.Build.0 = Debug|Any CPU
		{380C2A38-8424-49C2-B2F5-1CB532D5A3F8}.Debug|x64.ActiveCfg = Debug|Any CPU
		{380C2A38-8424-49C2-B2F5-1CB532D5A3F8}.Debug|x64.Build.0 = Debug|Any CPU
		{380C2A38-8424-49C2-B2F5-1CB532D5A3F8}.Debug|x86.ActiveCfg = Debug|Any CPU
		{380C2A38-8424-49C2-B2F5-1CB532D5A3F8}.Debug|x86.Build.0 = Debug|Any CPU
		{380C2A38-8424-49C2-B2F5-1CB532D5A3F8}.Release|Any CPU.ActiveCfg = Release|Any CPU
		{380C2A38-8424-49C2-B2F5-1CB532D5A3F8}.Release|Any CPU.Build.0 = Release|Any CPU
		{380C2A38-8424-49C2-B2F5-1CB532D5A3F8}.Release|x64.ActiveCfg = Release|Any CPU
		{380C2A38-8424-49C2-B2F5-1CB532D5A3F8}.Release|x64.Build.0 = Release|Any CPU
		{380C2A38-8424-49C2-B2F5-1CB532D5A3F8}.Release|x86.ActiveCfg = Release|Any CPU
		{380C2A38-8424-49C2-B2F5-1CB532D5A3F8}.Release|x86.Build.0 = Release|Any CPU
		{0CCC05F9-6FA0-464F-9543-89923C52A338}.Debug|Any CPU.ActiveCfg = Debug|Any CPU
		{0CCC05F9-6FA0-464F-9543-89923C52A338}.Debug|Any CPU.Build.0 = Debug|Any CPU
		{0CCC05F9-6FA0-464F-9543-89923C52A338}.Debug|x64.ActiveCfg = Debug|Any CPU
		{0CCC05F9-6FA0-464F-9543-89923C52A338}.Debug|x64.Build.0 = Debug|Any CPU
		{0CCC05F9-6FA0-464F-9543-89923C52A338}.Debug|x86.ActiveCfg = Debug|Any CPU
		{0CCC05F9-6FA0-464F-9543-89923C52A338}.Debug|x86.Build.0 = Debug|Any CPU
		{0CCC05F9-6FA0-464F-9543-89923C52A338}.Release|Any CPU.ActiveCfg = Release|Any CPU
		{0CCC05F9-6FA0-464F-9543-89923C52A338}.Release|Any CPU.Build.0 = Release|Any CPU
		{0CCC05F9-6FA0-464F-9543-89923C52A338}.Release|x64.ActiveCfg = Release|Any CPU
		{0CCC05F9-6FA0-464F-9543-89923C52A338}.Release|x64.Build.0 = Release|Any CPU
		{0CCC05F9-6FA0-464F-9543-89923C52A338}.Release|x86.ActiveCfg = Release|Any CPU
		{0CCC05F9-6FA0-464F-9543-89923C52A338}.Release|x86.Build.0 = Release|Any CPU
		{68CBA07C-6E5F-44DF-B056-919EBDE5009C}.Debug|Any CPU.ActiveCfg = Debug|Any CPU
		{68CBA07C-6E5F-44DF-B056-919EBDE5009C}.Debug|Any CPU.Build.0 = Debug|Any CPU
		{68CBA07C-6E5F-44DF-B056-919EBDE5009C}.Debug|x64.ActiveCfg = Debug|Any CPU
		{68CBA07C-6E5F-44DF-B056-919EBDE5009C}.Debug|x64.Build.0 = Debug|Any CPU
		{68CBA07C-6E5F-44DF-B056-919EBDE5009C}.Debug|x86.ActiveCfg = Debug|Any CPU
		{68CBA07C-6E5F-44DF-B056-919EBDE5009C}.Debug|x86.Build.0 = Debug|Any CPU
		{68CBA07C-6E5F-44DF-B056-919EBDE5009C}.Release|Any CPU.ActiveCfg = Release|Any CPU
		{68CBA07C-6E5F-44DF-B056-919EBDE5009C}.Release|Any CPU.Build.0 = Release|Any CPU
		{68CBA07C-6E5F-44DF-B056-919EBDE5009C}.Release|x64.ActiveCfg = Release|Any CPU
		{68CBA07C-6E5F-44DF-B056-919EBDE5009C}.Release|x64.Build.0 = Release|Any CPU
		{68CBA07C-6E5F-44DF-B056-919EBDE5009C}.Release|x86.ActiveCfg = Release|Any CPU
		{68CBA07C-6E5F-44DF-B056-919EBDE5009C}.Release|x86.Build.0 = Release|Any CPU
		{C22B628D-7E1D-4087-BC7D-53218C93C193}.Debug|Any CPU.ActiveCfg = Debug|Any CPU
		{C22B628D-7E1D-4087-BC7D-53218C93C193}.Debug|Any CPU.Build.0 = Debug|Any CPU
		{C22B628D-7E1D-4087-BC7D-53218C93C193}.Debug|x64.ActiveCfg = Debug|Any CPU
		{C22B628D-7E1D-4087-BC7D-53218C93C193}.Debug|x64.Build.0 = Debug|Any CPU
		{C22B628D-7E1D-4087-BC7D-53218C93C193}.Debug|x86.ActiveCfg = Debug|Any CPU
		{C22B628D-7E1D-4087-BC7D-53218C93C193}.Debug|x86.Build.0 = Debug|Any CPU
		{C22B628D-7E1D-4087-BC7D-53218C93C193}.Release|Any CPU.ActiveCfg = Release|Any CPU
		{C22B628D-7E1D-4087-BC7D-53218C93C193}.Release|Any CPU.Build.0 = Release|Any CPU
		{C22B628D-7E1D-4087-BC7D-53218C93C193}.Release|x64.ActiveCfg = Release|Any CPU
		{C22B628D-7E1D-4087-BC7D-53218C93C193}.Release|x64.Build.0 = Release|Any CPU
		{C22B628D-7E1D-4087-BC7D-53218C93C193}.Release|x86.ActiveCfg = Release|Any CPU
		{C22B628D-7E1D-4087-BC7D-53218C93C193}.Release|x86.Build.0 = Release|Any CPU
		{CFC573EB-2676-4FFF-805D-4C892E103797}.Debug|Any CPU.ActiveCfg = Debug|Any CPU
		{CFC573EB-2676-4FFF-805D-4C892E103797}.Debug|Any CPU.Build.0 = Debug|Any CPU
		{CFC573EB-2676-4FFF-805D-4C892E103797}.Debug|x64.ActiveCfg = Debug|Any CPU
		{CFC573EB-2676-4FFF-805D-4C892E103797}.Debug|x64.Build.0 = Debug|Any CPU
		{CFC573EB-2676-4FFF-805D-4C892E103797}.Debug|x86.ActiveCfg = Debug|Any CPU
		{CFC573EB-2676-4FFF-805D-4C892E103797}.Debug|x86.Build.0 = Debug|Any CPU
		{CFC573EB-2676-4FFF-805D-4C892E103797}.Release|Any CPU.ActiveCfg = Release|Any CPU
		{CFC573EB-2676-4FFF-805D-4C892E103797}.Release|Any CPU.Build.0 = Release|Any CPU
		{CFC573EB-2676-4FFF-805D-4C892E103797}.Release|x64.ActiveCfg = Release|Any CPU
		{CFC573EB-2676-4FFF-805D-4C892E103797}.Release|x64.Build.0 = Release|Any CPU
		{CFC573EB-2676-4FFF-805D-4C892E103797}.Release|x86.ActiveCfg = Release|Any CPU
		{CFC573EB-2676-4FFF-805D-4C892E103797}.Release|x86.Build.0 = Release|Any CPU
		{C1E19AC8-FBB8-43B7-867A-3648D629AE72}.Debug|Any CPU.ActiveCfg = Debug|Any CPU
		{C1E19AC8-FBB8-43B7-867A-3648D629AE72}.Debug|Any CPU.Build.0 = Debug|Any CPU
		{C1E19AC8-FBB8-43B7-867A-3648D629AE72}.Debug|x64.ActiveCfg = Debug|Any CPU
		{C1E19AC8-FBB8-43B7-867A-3648D629AE72}.Debug|x64.Build.0 = Debug|Any CPU
		{C1E19AC8-FBB8-43B7-867A-3648D629AE72}.Debug|x86.ActiveCfg = Debug|Any CPU
		{C1E19AC8-FBB8-43B7-867A-3648D629AE72}.Debug|x86.Build.0 = Debug|Any CPU
		{C1E19AC8-FBB8-43B7-867A-3648D629AE72}.Release|Any CPU.ActiveCfg = Release|Any CPU
		{C1E19AC8-FBB8-43B7-867A-3648D629AE72}.Release|Any CPU.Build.0 = Release|Any CPU
		{C1E19AC8-FBB8-43B7-867A-3648D629AE72}.Release|x64.ActiveCfg = Release|Any CPU
		{C1E19AC8-FBB8-43B7-867A-3648D629AE72}.Release|x64.Build.0 = Release|Any CPU
		{C1E19AC8-FBB8-43B7-867A-3648D629AE72}.Release|x86.ActiveCfg = Release|Any CPU
		{C1E19AC8-FBB8-43B7-867A-3648D629AE72}.Release|x86.Build.0 = Release|Any CPU
		{D6D33370-D210-4019-8DCD-6BE326EE2466}.Debug|Any CPU.ActiveCfg = Debug|Any CPU
		{D6D33370-D210-4019-8DCD-6BE326EE2466}.Debug|Any CPU.Build.0 = Debug|Any CPU
		{D6D33370-D210-4019-8DCD-6BE326EE2466}.Debug|x64.ActiveCfg = Debug|Any CPU
		{D6D33370-D210-4019-8DCD-6BE326EE2466}.Debug|x64.Build.0 = Debug|Any CPU
		{D6D33370-D210-4019-8DCD-6BE326EE2466}.Debug|x86.ActiveCfg = Debug|Any CPU
		{D6D33370-D210-4019-8DCD-6BE326EE2466}.Debug|x86.Build.0 = Debug|Any CPU
		{D6D33370-D210-4019-8DCD-6BE326EE2466}.Release|Any CPU.ActiveCfg = Release|Any CPU
		{D6D33370-D210-4019-8DCD-6BE326EE2466}.Release|Any CPU.Build.0 = Release|Any CPU
		{D6D33370-D210-4019-8DCD-6BE326EE2466}.Release|x64.ActiveCfg = Release|Any CPU
		{D6D33370-D210-4019-8DCD-6BE326EE2466}.Release|x64.Build.0 = Release|Any CPU
		{D6D33370-D210-4019-8DCD-6BE326EE2466}.Release|x86.ActiveCfg = Release|Any CPU
		{D6D33370-D210-4019-8DCD-6BE326EE2466}.Release|x86.Build.0 = Release|Any CPU
		{A1C3570B-E3F1-46F7-AFD0-A5C6F34B6488}.Debug|Any CPU.ActiveCfg = Debug|Any CPU
		{A1C3570B-E3F1-46F7-AFD0-A5C6F34B6488}.Debug|Any CPU.Build.0 = Debug|Any CPU
		{A1C3570B-E3F1-46F7-AFD0-A5C6F34B6488}.Debug|x64.ActiveCfg = Debug|Any CPU
		{A1C3570B-E3F1-46F7-AFD0-A5C6F34B6488}.Debug|x64.Build.0 = Debug|Any CPU
		{A1C3570B-E3F1-46F7-AFD0-A5C6F34B6488}.Debug|x86.ActiveCfg = Debug|Any CPU
		{A1C3570B-E3F1-46F7-AFD0-A5C6F34B6488}.Debug|x86.Build.0 = Debug|Any CPU
		{A1C3570B-E3F1-46F7-AFD0-A5C6F34B6488}.Release|Any CPU.ActiveCfg = Release|Any CPU
		{A1C3570B-E3F1-46F7-AFD0-A5C6F34B6488}.Release|Any CPU.Build.0 = Release|Any CPU
		{A1C3570B-E3F1-46F7-AFD0-A5C6F34B6488}.Release|x64.ActiveCfg = Release|Any CPU
		{A1C3570B-E3F1-46F7-AFD0-A5C6F34B6488}.Release|x64.Build.0 = Release|Any CPU
		{A1C3570B-E3F1-46F7-AFD0-A5C6F34B6488}.Release|x86.ActiveCfg = Release|Any CPU
		{A1C3570B-E3F1-46F7-AFD0-A5C6F34B6488}.Release|x86.Build.0 = Release|Any CPU
		{9FDA8A9D-EA30-4689-ADC7-28FCA108FED3}.Debug|Any CPU.ActiveCfg = Debug|Any CPU
		{9FDA8A9D-EA30-4689-ADC7-28FCA108FED3}.Debug|Any CPU.Build.0 = Debug|Any CPU
		{9FDA8A9D-EA30-4689-ADC7-28FCA108FED3}.Debug|x64.ActiveCfg = Debug|Any CPU
		{9FDA8A9D-EA30-4689-ADC7-28FCA108FED3}.Debug|x64.Build.0 = Debug|Any CPU
		{9FDA8A9D-EA30-4689-ADC7-28FCA108FED3}.Debug|x86.ActiveCfg = Debug|Any CPU
		{9FDA8A9D-EA30-4689-ADC7-28FCA108FED3}.Debug|x86.Build.0 = Debug|Any CPU
		{9FDA8A9D-EA30-4689-ADC7-28FCA108FED3}.Release|Any CPU.ActiveCfg = Release|Any CPU
		{9FDA8A9D-EA30-4689-ADC7-28FCA108FED3}.Release|Any CPU.Build.0 = Release|Any CPU
		{9FDA8A9D-EA30-4689-ADC7-28FCA108FED3}.Release|x64.ActiveCfg = Release|Any CPU
		{9FDA8A9D-EA30-4689-ADC7-28FCA108FED3}.Release|x64.Build.0 = Release|Any CPU
		{9FDA8A9D-EA30-4689-ADC7-28FCA108FED3}.Release|x86.ActiveCfg = Release|Any CPU
		{9FDA8A9D-EA30-4689-ADC7-28FCA108FED3}.Release|x86.Build.0 = Release|Any CPU
		{8055469A-3AE5-413B-939C-27948C53D90B}.Debug|Any CPU.ActiveCfg = Debug|Any CPU
		{8055469A-3AE5-413B-939C-27948C53D90B}.Debug|Any CPU.Build.0 = Debug|Any CPU
		{8055469A-3AE5-413B-939C-27948C53D90B}.Debug|x64.ActiveCfg = Debug|Any CPU
		{8055469A-3AE5-413B-939C-27948C53D90B}.Debug|x64.Build.0 = Debug|Any CPU
		{8055469A-3AE5-413B-939C-27948C53D90B}.Debug|x86.ActiveCfg = Debug|Any CPU
		{8055469A-3AE5-413B-939C-27948C53D90B}.Debug|x86.Build.0 = Debug|Any CPU
		{8055469A-3AE5-413B-939C-27948C53D90B}.Release|Any CPU.ActiveCfg = Release|Any CPU
		{8055469A-3AE5-413B-939C-27948C53D90B}.Release|Any CPU.Build.0 = Release|Any CPU
		{8055469A-3AE5-413B-939C-27948C53D90B}.Release|x64.ActiveCfg = Release|Any CPU
		{8055469A-3AE5-413B-939C-27948C53D90B}.Release|x64.Build.0 = Release|Any CPU
		{8055469A-3AE5-413B-939C-27948C53D90B}.Release|x86.ActiveCfg = Release|Any CPU
		{8055469A-3AE5-413B-939C-27948C53D90B}.Release|x86.Build.0 = Release|Any CPU
		{731B9272-987F-4641-9A4F-69BA750E0F60}.Debug|Any CPU.ActiveCfg = Debug|Any CPU
		{731B9272-987F-4641-9A4F-69BA750E0F60}.Debug|Any CPU.Build.0 = Debug|Any CPU
		{731B9272-987F-4641-9A4F-69BA750E0F60}.Debug|x64.ActiveCfg = Debug|Any CPU
		{731B9272-987F-4641-9A4F-69BA750E0F60}.Debug|x64.Build.0 = Debug|Any CPU
		{731B9272-987F-4641-9A4F-69BA750E0F60}.Debug|x86.ActiveCfg = Debug|Any CPU
		{731B9272-987F-4641-9A4F-69BA750E0F60}.Debug|x86.Build.0 = Debug|Any CPU
		{731B9272-987F-4641-9A4F-69BA750E0F60}.Release|Any CPU.ActiveCfg = Release|Any CPU
		{731B9272-987F-4641-9A4F-69BA750E0F60}.Release|Any CPU.Build.0 = Release|Any CPU
		{731B9272-987F-4641-9A4F-69BA750E0F60}.Release|x64.ActiveCfg = Release|Any CPU
		{731B9272-987F-4641-9A4F-69BA750E0F60}.Release|x64.Build.0 = Release|Any CPU
		{731B9272-987F-4641-9A4F-69BA750E0F60}.Release|x86.ActiveCfg = Release|Any CPU
		{731B9272-987F-4641-9A4F-69BA750E0F60}.Release|x86.Build.0 = Release|Any CPU
		{E1608528-76DC-4A73-93F0-0427A6BF6852}.Debug|Any CPU.ActiveCfg = Debug|Any CPU
		{E1608528-76DC-4A73-93F0-0427A6BF6852}.Debug|Any CPU.Build.0 = Debug|Any CPU
		{E1608528-76DC-4A73-93F0-0427A6BF6852}.Debug|x64.ActiveCfg = Debug|Any CPU
		{E1608528-76DC-4A73-93F0-0427A6BF6852}.Debug|x64.Build.0 = Debug|Any CPU
		{E1608528-76DC-4A73-93F0-0427A6BF6852}.Debug|x86.ActiveCfg = Debug|Any CPU
		{E1608528-76DC-4A73-93F0-0427A6BF6852}.Debug|x86.Build.0 = Debug|Any CPU
		{E1608528-76DC-4A73-93F0-0427A6BF6852}.Release|Any CPU.ActiveCfg = Release|Any CPU
		{E1608528-76DC-4A73-93F0-0427A6BF6852}.Release|Any CPU.Build.0 = Release|Any CPU
		{E1608528-76DC-4A73-93F0-0427A6BF6852}.Release|x64.ActiveCfg = Release|Any CPU
		{E1608528-76DC-4A73-93F0-0427A6BF6852}.Release|x64.Build.0 = Release|Any CPU
		{E1608528-76DC-4A73-93F0-0427A6BF6852}.Release|x86.ActiveCfg = Release|Any CPU
		{E1608528-76DC-4A73-93F0-0427A6BF6852}.Release|x86.Build.0 = Release|Any CPU
		{C89BA6BA-9C60-4A25-B41E-2FAD6598D222}.Debug|Any CPU.ActiveCfg = Debug|Any CPU
		{C89BA6BA-9C60-4A25-B41E-2FAD6598D222}.Debug|Any CPU.Build.0 = Debug|Any CPU
		{C89BA6BA-9C60-4A25-B41E-2FAD6598D222}.Debug|x64.ActiveCfg = Debug|Any CPU
		{C89BA6BA-9C60-4A25-B41E-2FAD6598D222}.Debug|x64.Build.0 = Debug|Any CPU
		{C89BA6BA-9C60-4A25-B41E-2FAD6598D222}.Debug|x86.ActiveCfg = Debug|Any CPU
		{C89BA6BA-9C60-4A25-B41E-2FAD6598D222}.Debug|x86.Build.0 = Debug|Any CPU
		{C89BA6BA-9C60-4A25-B41E-2FAD6598D222}.Release|Any CPU.ActiveCfg = Release|Any CPU
		{C89BA6BA-9C60-4A25-B41E-2FAD6598D222}.Release|Any CPU.Build.0 = Release|Any CPU
		{C89BA6BA-9C60-4A25-B41E-2FAD6598D222}.Release|x64.ActiveCfg = Release|Any CPU
		{C89BA6BA-9C60-4A25-B41E-2FAD6598D222}.Release|x64.Build.0 = Release|Any CPU
		{C89BA6BA-9C60-4A25-B41E-2FAD6598D222}.Release|x86.ActiveCfg = Release|Any CPU
		{C89BA6BA-9C60-4A25-B41E-2FAD6598D222}.Release|x86.Build.0 = Release|Any CPU
	EndGlobalSection
	GlobalSection(SolutionProperties) = preSolution
		HideSolutionNode = FALSE
	EndGlobalSection
	GlobalSection(NestedProjects) = preSolution
		{DF8CC8C9-89BB-450D-A06D-5DE35890FAEA} = {650A1B8E-7D2A-4C89-A4A4-ED849B4F421F}
		{5D1A740E-1E84-4833-9E4C-586FB9D35003} = {DF8CC8C9-89BB-450D-A06D-5DE35890FAEA}
		{405C5827-16D9-4F61-9228-797957EBC890} = {DF8CC8C9-89BB-450D-A06D-5DE35890FAEA}
		{0A3A84EA-0C1E-48E9-ACBE-1135512F1A48} = {650A1B8E-7D2A-4C89-A4A4-ED849B4F421F}
		{DBE71F8C-2F7E-46F2-9EF3-FEFDF057398A} = {0A3A84EA-0C1E-48E9-ACBE-1135512F1A48}
		{DA6AB591-BEB6-4F6B-B8B9-847A1E75DC0C} = {6C570A07-3D47-4F4B-B48A-E693934BB504}
		{7882DBA5-F87A-4AB0-A60A-0B4D47D6F763} = {DA6AB591-BEB6-4F6B-B8B9-847A1E75DC0C}
		{12425F6B-C2EC-4111-956F-3BC7E20E3C3D} = {DA6AB591-BEB6-4F6B-B8B9-847A1E75DC0C}
		{359AD44B-855C-4CF7-A58C-23648225B8CB} = {DA6AB591-BEB6-4F6B-B8B9-847A1E75DC0C}
		{EFBF0B5F-644B-4565-846E-352E84561499} = {DA6AB591-BEB6-4F6B-B8B9-847A1E75DC0C}
		{AB0E5787-D78A-4A10-96CC-7B48CCA7A2AB} = {DA6AB591-BEB6-4F6B-B8B9-847A1E75DC0C}
		{383DE64A-AD12-48EF-B6A1-11D0132330FC} = {6C570A07-3D47-4F4B-B48A-E693934BB504}
		{ADB1A431-FB65-420D-B164-59699A919E80} = {383DE64A-AD12-48EF-B6A1-11D0132330FC}
		{91B02555-8919-4F8E-A3ED-9B73FA898067} = {6C570A07-3D47-4F4B-B48A-E693934BB504}
		{17C230F7-F05D-4D9E-989B-BDF5016F56ED} = {C5892F32-3E30-48B5-9259-71F649760EF6}
		{092FBD16-5621-403E-AC2B-2AB1C9C6BA3F} = {C5892F32-3E30-48B5-9259-71F649760EF6}
		{86354220-6869-4A86-8D0D-DAAC753A001F} = {17C230F7-F05D-4D9E-989B-BDF5016F56ED}
		{D32F574E-4AE4-4036-8279-7D19A8D35A13} = {91B02555-8919-4F8E-A3ED-9B73FA898067}
		{380C2A38-8424-49C2-B2F5-1CB532D5A3F8} = {91B02555-8919-4F8E-A3ED-9B73FA898067}
		{0CCC05F9-6FA0-464F-9543-89923C52A338} = {91B02555-8919-4F8E-A3ED-9B73FA898067}
		{68CBA07C-6E5F-44DF-B056-919EBDE5009C} = {092FBD16-5621-403E-AC2B-2AB1C9C6BA3F}
		{C22B628D-7E1D-4087-BC7D-53218C93C193} = {DA6AB591-BEB6-4F6B-B8B9-847A1E75DC0C}
		{314DBC80-0B15-C511-3C7D-4321B1EE0167} = {4AD9D757-3B2B-BCF0-CAB8-9D7B5DBFC9F5}
		{CFC573EB-2676-4FFF-805D-4C892E103797} = {314DBC80-0B15-C511-3C7D-4321B1EE0167}
		{DA8FA49E-FFA5-A8C0-8BCA-43F949B43109} = {4AD9D757-3B2B-BCF0-CAB8-9D7B5DBFC9F5}
		{C1E19AC8-FBB8-43B7-867A-3648D629AE72} = {DA8FA49E-FFA5-A8C0-8BCA-43F949B43109}
		{0E88ED26-EC31-C9D0-E78A-F8A74015C708} = {4AD9D757-3B2B-BCF0-CAB8-9D7B5DBFC9F5}
		{D6D33370-D210-4019-8DCD-6BE326EE2466} = {0E88ED26-EC31-C9D0-E78A-F8A74015C708}
		{A1C3570B-E3F1-46F7-AFD0-A5C6F34B6488} = {91B02555-8919-4F8E-A3ED-9B73FA898067}
		{9FDA8A9D-EA30-4689-ADC7-28FCA108FED3} = {91B02555-8919-4F8E-A3ED-9B73FA898067}
		{8055469A-3AE5-413B-939C-27948C53D90B} = {91B02555-8919-4F8E-A3ED-9B73FA898067}
		{731B9272-987F-4641-9A4F-69BA750E0F60} = {91B02555-8919-4F8E-A3ED-9B73FA898067}
		{E1608528-76DC-4A73-93F0-0427A6BF6852} = {91B02555-8919-4F8E-A3ED-9B73FA898067}
		{C89BA6BA-9C60-4A25-B41E-2FAD6598D222} = {91B02555-8919-4F8E-A3ED-9B73FA898067}
	EndGlobalSection
EndGlobal
