
Microsoft Visual Studio Solution File, Format Version 12.00
# Visual Studio Version 16
VisualStudioVersion = 16.0.30114.105
MinimumVisualStudioVersion = 10.0.40219.1
Project("{FAE04EC0-301F-11D3-BF4B-00C04F79EFBC}") = "_build", "build\_build.csproj", "{901AE389-FEAD-4617-8C8E-36B892E70D30}"
EndProject
Project("{2150E333-8FDC-42A3-9474-1A3956D46DE8}") = "ion.core", "ion.core", "{650A1B8E-7D2A-4C89-A4A4-ED849B4F421F}"
EndProject
Project("{2150E333-8FDC-42A3-9474-1A3956D46DE8}") = "src", "src", "{DF8CC8C9-89BB-450D-A06D-5DE35890FAEA}"
EndProject
Project("{FAE04EC0-301F-11D3-BF4B-00C04F79EFBC}") = "Ion.Abstractions", "ion.core\src\Ion.Abstractions\Ion.Abstractions.csproj", "{5D1A740E-1E84-4833-9E4C-586FB9D35003}"
EndProject
Project("{FAE04EC0-301F-11D3-BF4B-00C04F79EFBC}") = "Ion.Testing", "ion.core\src\Ion.Testing\Ion.Testing.csproj", "{405C5827-16D9-4F61-9228-797957EBC890}"
EndProject
Project("{FAE04EC0-301F-11D3-BF4B-00C04F79EFBC}") = "Ion.Analyzers", "ion.core\src\Ion.Analyzers\Ion.Analyzers.csproj", "{77BE5C21-0E23-42F9-BBF4-CBE907676B99}"
EndProject
Project("{2150E333-8FDC-42A3-9474-1A3956D46DE8}") = "tests", "tests", "{0A3A84EA-0C1E-48E9-ACBE-1135512F1A48}"
EndProject
Project("{FAE04EC0-301F-11D3-BF4B-00C04F79EFBC}") = "Ion.Abstractions.Tests", "ion.core\tests\Ion.Abstractions.Tests\Ion.Abstractions.Tests.csproj", "{DBE71F8C-2F7E-46F2-9EF3-FEFDF057398A}"
EndProject
Project("{2150E333-8FDC-42A3-9474-1A3956D46DE8}") = "ion.logging", "ion.logging", "{72E335FB-C834-4509-A8CF-342AA9B576B6}"
EndProject
Project("{2150E333-8FDC-42A3-9474-1A3956D46DE8}") = "src", "src", "{014ED996-C2E2-45FE-89F4-029C41B45514}"
EndProject
Project("{FAE04EC0-301F-11D3-BF4B-00C04F79EFBC}") = "Ion.Logging", "ion.logging\src\Ion.Logging\Ion.Logging.csproj", "{493B8F15-E1C7-4D50-8C7B-4119BCCA214A}"
EndProject
Project("{FAE04EC0-301F-11D3-BF4B-00C04F79EFBC}") = "Ion.Logging.AppInsights", "ion.logging\src\Ion.Logging.AppInsights\Ion.Logging.AppInsights.csproj", "{EE8F2924-1652-401D-920D-578E0F7FCF60}"
EndProject
Project("{FAE04EC0-301F-11D3-BF4B-00C04F79EFBC}") = "Ion.Logging.LogzIo", "ion.logging\src\Ion.Logging.LogzIo\Ion.Logging.LogzIo.csproj", "{2D5887D6-BDAA-4FF9-9981-CFFFEA838E40}"
EndProject
Project("{2150E333-8FDC-42A3-9474-1A3956D46DE8}") = "tests", "tests", "{6E8F48E9-16CC-499D-9AAD-6AD5A364DD98}"
EndProject
Project("{FAE04EC0-301F-11D3-BF4B-00C04F79EFBC}") = "Ion.Logging.Tests", "ion.logging\tests\Ion.Logging.Tests\Ion.Logging.Tests.csproj", "{E67209DA-79BC-47B0-9EAB-4D9AC1723297}"
EndProject
Project("{FAE04EC0-301F-11D3-BF4B-00C04F79EFBC}") = "Ion.Logging.LogzIo.Tests", "ion.logging\tests\Ion.Logging.LogzIo.Tests\Ion.Logging.LogzIo.Tests.csproj", "{0401DB22-000E-4060-B1C3-D1293AECD590}"
EndProject
Project("{2150E333-8FDC-42A3-9474-1A3956D46DE8}") = "ion.microservices", "ion.microservices", "{6C570A07-3D47-4F4B-B48A-E693934BB504}"
EndProject
Project("{2150E333-8FDC-42A3-9474-1A3956D46DE8}") = "src", "src", "{DA6AB591-BEB6-4F6B-B8B9-847A1E75DC0C}"
EndProject
Project("{FAE04EC0-301F-11D3-BF4B-00C04F79EFBC}") = "Ion.MicroServices", "ion.microservices\src\Ion.MicroServices\Ion.MicroServices.csproj", "{7882DBA5-F87A-4AB0-A60A-0B4D47D6F763}"
EndProject
Project("{FAE04EC0-301F-11D3-BF4B-00C04F79EFBC}") = "Ion.MicroServices.Job", "ion.microservices\src\Ion.MicroServices.Job\Ion.MicroServices.Job.csproj", "{12425F6B-C2EC-4111-956F-3BC7E20E3C3D}"
EndProject
Project("{FAE04EC0-301F-11D3-BF4B-00C04F79EFBC}") = "Ion.MicroServices.Grpc", "ion.microservices\src\Ion.MicroServices.Grpc\Ion.MicroServices.Grpc.csproj", "{359AD44B-855C-4CF7-A58C-23648225B8CB}"
EndProject
Project("{FAE04EC0-301F-11D3-BF4B-00C04F79EFBC}") = "Ion.MicroServices.GraphQL", "ion.microservices\src\Ion.MicroServices.GraphQL\Ion.MicroServices.GraphQL.csproj", "{EFBF0B5F-644B-4565-846E-352E84561499}"
EndProject
Project("{FAE04EC0-301F-11D3-BF4B-00C04F79EFBC}") = "Ion.MicroServices.Api", "ion.microservices\src\Ion.MicroServices.Api\Ion.MicroServices.Api.csproj", "{AB0E5787-D78A-4A10-96CC-7B48CCA7A2AB}"
EndProject
Project("{2150E333-8FDC-42A3-9474-1A3956D46DE8}") = "tests", "tests", "{383DE64A-AD12-48EF-B6A1-11D0132330FC}"
EndProject
Project("{FAE04EC0-301F-11D3-BF4B-00C04F79EFBC}") = "Ion.MicroServices.Tests", "ion.microservices\tests\Ion.MicroServices.Tests\Ion.MicroServices.Tests.csproj", "{ADB1A431-FB65-420D-B164-59699A919E80}"
EndProject
Project("{2150E333-8FDC-42A3-9474-1A3956D46DE8}") = "demo", "demo", "{91B02555-8919-4F8E-A3ED-9B73FA898067}"
EndProject
Project("{FAE04EC0-301F-11D3-BF4B-00C04F79EFBC}") = "Ion.MicroServices.Demo", "ion.microservices\demo\Ion.MicroServices.Demo\Ion.MicroServices.Demo.csproj", "{CDC74E45-3C27-4235-81A7-51C996FF8818}"
EndProject
Project("{FAE04EC0-301F-11D3-BF4B-00C04F79EFBC}") = "Ion.MicroServices.Demo.Api", "ion.microservices\demo\Ion.MicroServices.Demo.Api\Ion.MicroServices.Demo.Api.csproj", "{A77FF812-CFEC-4BA9-A670-3AD14622BE86}"
EndProject
Project("{FAE04EC0-301F-11D3-BF4B-00C04F79EFBC}") = "Ion.MicroServices.Demo.ApiControllers", "ion.microservices\demo\Ion.MicroServices.Demo.ApiControllers\Ion.MicroServices.Demo.ApiControllers.csproj", "{4DDA2D40-B637-4C7B-84E4-53A27D304909}"
EndProject
Project("{FAE04EC0-301F-11D3-BF4B-00C04F79EFBC}") = "Ion.MicroServices.Demo.GraphQL", "ion.microservices\demo\Ion.MicroServices.Demo.GraphQL\Ion.MicroServices.Demo.GraphQL.csproj", "{462213DE-53B6-42A3-ABE7-B979F0B8447A}"
EndProject
Project("{FAE04EC0-301F-11D3-BF4B-00C04F79EFBC}") = "Ion.MicroServices.Demo.Grpc", "ion.microservices\demo\Ion.MicroServices.Demo.Grpc\Ion.MicroServices.Demo.Grpc.csproj", "{09377264-AE58-4A8C-8E17-01559E5136EE}"
EndProject
Project("{FAE04EC0-301F-11D3-BF4B-00C04F79EFBC}") = "Ion.MicroServices.Demo.GrpcCodeFirst", "ion.microservices\demo\Ion.MicroServices.Demo.GrpcCodeFirst\Ion.MicroServices.Demo.GrpcCodeFirst.csproj", "{4E30E795-E337-4DAE-9717-7E0EB16E8A39}"
EndProject
Project("{FAE04EC0-301F-11D3-BF4B-00C04F79EFBC}") = "Ion.MicroServices.Demo.Job", "ion.microservices\demo\Ion.MicroServices.Demo.Job\Ion.MicroServices.Demo.Job.csproj", "{4DB81313-A78D-47DA-BE04-01E367D576E5}"
EndProject
Global
	GlobalSection(SolutionConfigurationPlatforms) = preSolution
		Debug|Any CPU = Debug|Any CPU
		Release|Any CPU = Release|Any CPU
	EndGlobalSection
	GlobalSection(SolutionProperties) = preSolution
		HideSolutionNode = FALSE
	EndGlobalSection
	GlobalSection(ProjectConfigurationPlatforms) = postSolution
		{901AE389-FEAD-4617-8C8E-36B892E70D30}.Debug|Any CPU.ActiveCfg = Debug|Any CPU
		{901AE389-FEAD-4617-8C8E-36B892E70D30}.Debug|Any CPU.Build.0 = Debug|Any CPU
		{901AE389-FEAD-4617-8C8E-36B892E70D30}.Release|Any CPU.ActiveCfg = Release|Any CPU
		{901AE389-FEAD-4617-8C8E-36B892E70D30}.Release|Any CPU.Build.0 = Release|Any CPU
		{5D1A740E-1E84-4833-9E4C-586FB9D35003}.Debug|Any CPU.ActiveCfg = Debug|Any CPU
		{5D1A740E-1E84-4833-9E4C-586FB9D35003}.Debug|Any CPU.Build.0 = Debug|Any CPU
		{5D1A740E-1E84-4833-9E4C-586FB9D35003}.Release|Any CPU.ActiveCfg = Release|Any CPU
		{5D1A740E-1E84-4833-9E4C-586FB9D35003}.Release|Any CPU.Build.0 = Release|Any CPU
		{405C5827-16D9-4F61-9228-797957EBC890}.Debug|Any CPU.ActiveCfg = Debug|Any CPU
		{405C5827-16D9-4F61-9228-797957EBC890}.Debug|Any CPU.Build.0 = Debug|Any CPU
		{405C5827-16D9-4F61-9228-797957EBC890}.Release|Any CPU.ActiveCfg = Release|Any CPU
		{405C5827-16D9-4F61-9228-797957EBC890}.Release|Any CPU.Build.0 = Release|Any CPU
		{77BE5C21-0E23-42F9-BBF4-CBE907676B99}.Debug|Any CPU.ActiveCfg = Debug|Any CPU
		{77BE5C21-0E23-42F9-BBF4-CBE907676B99}.Debug|Any CPU.Build.0 = Debug|Any CPU
		{77BE5C21-0E23-42F9-BBF4-CBE907676B99}.Release|Any CPU.ActiveCfg = Release|Any CPU
		{77BE5C21-0E23-42F9-BBF4-CBE907676B99}.Release|Any CPU.Build.0 = Release|Any CPU
		{DBE71F8C-2F7E-46F2-9EF3-FEFDF057398A}.Debug|Any CPU.ActiveCfg = Debug|Any CPU
		{DBE71F8C-2F7E-46F2-9EF3-FEFDF057398A}.Debug|Any CPU.Build.0 = Debug|Any CPU
		{DBE71F8C-2F7E-46F2-9EF3-FEFDF057398A}.Release|Any CPU.ActiveCfg = Release|Any CPU
		{DBE71F8C-2F7E-46F2-9EF3-FEFDF057398A}.Release|Any CPU.Build.0 = Release|Any CPU
		{493B8F15-E1C7-4D50-8C7B-4119BCCA214A}.Debug|Any CPU.ActiveCfg = Debug|Any CPU
		{493B8F15-E1C7-4D50-8C7B-4119BCCA214A}.Debug|Any CPU.Build.0 = Debug|Any CPU
		{493B8F15-E1C7-4D50-8C7B-4119BCCA214A}.Release|Any CPU.ActiveCfg = Release|Any CPU
		{493B8F15-E1C7-4D50-8C7B-4119BCCA214A}.Release|Any CPU.Build.0 = Release|Any CPU
		{EE8F2924-1652-401D-920D-578E0F7FCF60}.Debug|Any CPU.ActiveCfg = Debug|Any CPU
		{EE8F2924-1652-401D-920D-578E0F7FCF60}.Debug|Any CPU.Build.0 = Debug|Any CPU
		{EE8F2924-1652-401D-920D-578E0F7FCF60}.Release|Any CPU.ActiveCfg = Release|Any CPU
		{EE8F2924-1652-401D-920D-578E0F7FCF60}.Release|Any CPU.Build.0 = Release|Any CPU
		{2D5887D6-BDAA-4FF9-9981-CFFFEA838E40}.Debug|Any CPU.ActiveCfg = Debug|Any CPU
		{2D5887D6-BDAA-4FF9-9981-CFFFEA838E40}.Debug|Any CPU.Build.0 = Debug|Any CPU
		{2D5887D6-BDAA-4FF9-9981-CFFFEA838E40}.Release|Any CPU.ActiveCfg = Release|Any CPU
		{2D5887D6-BDAA-4FF9-9981-CFFFEA838E40}.Release|Any CPU.Build.0 = Release|Any CPU
		{E67209DA-79BC-47B0-9EAB-4D9AC1723297}.Debug|Any CPU.ActiveCfg = Debug|Any CPU
		{E67209DA-79BC-47B0-9EAB-4D9AC1723297}.Debug|Any CPU.Build.0 = Debug|Any CPU
		{E67209DA-79BC-47B0-9EAB-4D9AC1723297}.Release|Any CPU.ActiveCfg = Release|Any CPU
		{E67209DA-79BC-47B0-9EAB-4D9AC1723297}.Release|Any CPU.Build.0 = Release|Any CPU
		{0401DB22-000E-4060-B1C3-D1293AECD590}.Debug|Any CPU.ActiveCfg = Debug|Any CPU
		{0401DB22-000E-4060-B1C3-D1293AECD590}.Debug|Any CPU.Build.0 = Debug|Any CPU
		{0401DB22-000E-4060-B1C3-D1293AECD590}.Release|Any CPU.ActiveCfg = Release|Any CPU
		{0401DB22-000E-4060-B1C3-D1293AECD590}.Release|Any CPU.Build.0 = Release|Any CPU
		{7882DBA5-F87A-4AB0-A60A-0B4D47D6F763}.Debug|Any CPU.ActiveCfg = Debug|Any CPU
		{7882DBA5-F87A-4AB0-A60A-0B4D47D6F763}.Debug|Any CPU.Build.0 = Debug|Any CPU
		{7882DBA5-F87A-4AB0-A60A-0B4D47D6F763}.Release|Any CPU.ActiveCfg = Release|Any CPU
		{7882DBA5-F87A-4AB0-A60A-0B4D47D6F763}.Release|Any CPU.Build.0 = Release|Any CPU
		{12425F6B-C2EC-4111-956F-3BC7E20E3C3D}.Debug|Any CPU.ActiveCfg = Debug|Any CPU
		{12425F6B-C2EC-4111-956F-3BC7E20E3C3D}.Debug|Any CPU.Build.0 = Debug|Any CPU
		{12425F6B-C2EC-4111-956F-3BC7E20E3C3D}.Release|Any CPU.ActiveCfg = Release|Any CPU
		{12425F6B-C2EC-4111-956F-3BC7E20E3C3D}.Release|Any CPU.Build.0 = Release|Any CPU
		{359AD44B-855C-4CF7-A58C-23648225B8CB}.Debug|Any CPU.ActiveCfg = Debug|Any CPU
		{359AD44B-855C-4CF7-A58C-23648225B8CB}.Debug|Any CPU.Build.0 = Debug|Any CPU
		{359AD44B-855C-4CF7-A58C-23648225B8CB}.Release|Any CPU.ActiveCfg = Release|Any CPU
		{359AD44B-855C-4CF7-A58C-23648225B8CB}.Release|Any CPU.Build.0 = Release|Any CPU
		{EFBF0B5F-644B-4565-846E-352E84561499}.Debug|Any CPU.ActiveCfg = Debug|Any CPU
		{EFBF0B5F-644B-4565-846E-352E84561499}.Debug|Any CPU.Build.0 = Debug|Any CPU
		{EFBF0B5F-644B-4565-846E-352E84561499}.Release|Any CPU.ActiveCfg = Release|Any CPU
		{EFBF0B5F-644B-4565-846E-352E84561499}.Release|Any CPU.Build.0 = Release|Any CPU
		{AB0E5787-D78A-4A10-96CC-7B48CCA7A2AB}.Debug|Any CPU.ActiveCfg = Debug|Any CPU
		{AB0E5787-D78A-4A10-96CC-7B48CCA7A2AB}.Debug|Any CPU.Build.0 = Debug|Any CPU
		{AB0E5787-D78A-4A10-96CC-7B48CCA7A2AB}.Release|Any CPU.ActiveCfg = Release|Any CPU
		{AB0E5787-D78A-4A10-96CC-7B48CCA7A2AB}.Release|Any CPU.Build.0 = Release|Any CPU
		{ADB1A431-FB65-420D-B164-59699A919E80}.Debug|Any CPU.ActiveCfg = Debug|Any CPU
		{ADB1A431-FB65-420D-B164-59699A919E80}.Debug|Any CPU.Build.0 = Debug|Any CPU
		{ADB1A431-FB65-420D-B164-59699A919E80}.Release|Any CPU.ActiveCfg = Release|Any CPU
		{ADB1A431-FB65-420D-B164-59699A919E80}.Release|Any CPU.Build.0 = Release|Any CPU
		{CDC74E45-3C27-4235-81A7-51C996FF8818}.Debug|Any CPU.ActiveCfg = Debug|Any CPU
		{CDC74E45-3C27-4235-81A7-51C996FF8818}.Debug|Any CPU.Build.0 = Debug|Any CPU
		{CDC74E45-3C27-4235-81A7-51C996FF8818}.Release|Any CPU.ActiveCfg = Release|Any CPU
		{CDC74E45-3C27-4235-81A7-51C996FF8818}.Release|Any CPU.Build.0 = Release|Any CPU
		{A77FF812-CFEC-4BA9-A670-3AD14622BE86}.Debug|Any CPU.ActiveCfg = Debug|Any CPU
		{A77FF812-CFEC-4BA9-A670-3AD14622BE86}.Debug|Any CPU.Build.0 = Debug|Any CPU
		{A77FF812-CFEC-4BA9-A670-3AD14622BE86}.Release|Any CPU.ActiveCfg = Release|Any CPU
		{A77FF812-CFEC-4BA9-A670-3AD14622BE86}.Release|Any CPU.Build.0 = Release|Any CPU
		{4DDA2D40-B637-4C7B-84E4-53A27D304909}.Debug|Any CPU.ActiveCfg = Debug|Any CPU
		{4DDA2D40-B637-4C7B-84E4-53A27D304909}.Debug|Any CPU.Build.0 = Debug|Any CPU
		{4DDA2D40-B637-4C7B-84E4-53A27D304909}.Release|Any CPU.ActiveCfg = Release|Any CPU
		{4DDA2D40-B637-4C7B-84E4-53A27D304909}.Release|Any CPU.Build.0 = Release|Any CPU
		{462213DE-53B6-42A3-ABE7-B979F0B8447A}.Debug|Any CPU.ActiveCfg = Debug|Any CPU
		{462213DE-53B6-42A3-ABE7-B979F0B8447A}.Debug|Any CPU.Build.0 = Debug|Any CPU
		{462213DE-53B6-42A3-ABE7-B979F0B8447A}.Release|Any CPU.ActiveCfg = Release|Any CPU
		{462213DE-53B6-42A3-ABE7-B979F0B8447A}.Release|Any CPU.Build.0 = Release|Any CPU
		{09377264-AE58-4A8C-8E17-01559E5136EE}.Debug|Any CPU.ActiveCfg = Debug|Any CPU
		{09377264-AE58-4A8C-8E17-01559E5136EE}.Debug|Any CPU.Build.0 = Debug|Any CPU
		{09377264-AE58-4A8C-8E17-01559E5136EE}.Release|Any CPU.ActiveCfg = Release|Any CPU
		{09377264-AE58-4A8C-8E17-01559E5136EE}.Release|Any CPU.Build.0 = Release|Any CPU
		{4E30E795-E337-4DAE-9717-7E0EB16E8A39}.Debug|Any CPU.ActiveCfg = Debug|Any CPU
		{4E30E795-E337-4DAE-9717-7E0EB16E8A39}.Debug|Any CPU.Build.0 = Debug|Any CPU
		{4E30E795-E337-4DAE-9717-7E0EB16E8A39}.Release|Any CPU.ActiveCfg = Release|Any CPU
		{4E30E795-E337-4DAE-9717-7E0EB16E8A39}.Release|Any CPU.Build.0 = Release|Any CPU
		{4DB81313-A78D-47DA-BE04-01E367D576E5}.Debug|Any CPU.ActiveCfg = Debug|Any CPU
		{4DB81313-A78D-47DA-BE04-01E367D576E5}.Debug|Any CPU.Build.0 = Debug|Any CPU
		{4DB81313-A78D-47DA-BE04-01E367D576E5}.Release|Any CPU.ActiveCfg = Release|Any CPU
		{4DB81313-A78D-47DA-BE04-01E367D576E5}.Release|Any CPU.Build.0 = Release|Any CPU
	EndGlobalSection
	GlobalSection(NestedProjects) = preSolution
		{DF8CC8C9-89BB-450D-A06D-5DE35890FAEA} = {650A1B8E-7D2A-4C89-A4A4-ED849B4F421F}
		{5D1A740E-1E84-4833-9E4C-586FB9D35003} = {DF8CC8C9-89BB-450D-A06D-5DE35890FAEA}
		{405C5827-16D9-4F61-9228-797957EBC890} = {DF8CC8C9-89BB-450D-A06D-5DE35890FAEA}
		{77BE5C21-0E23-42F9-BBF4-CBE907676B99} = {DF8CC8C9-89BB-450D-A06D-5DE35890FAEA}
		{0A3A84EA-0C1E-48E9-ACBE-1135512F1A48} = {650A1B8E-7D2A-4C89-A4A4-ED849B4F421F}
		{DBE71F8C-2F7E-46F2-9EF3-FEFDF057398A} = {0A3A84EA-0C1E-48E9-ACBE-1135512F1A48}
		{014ED996-C2E2-45FE-89F4-029C41B45514} = {72E335FB-C834-4509-A8CF-342AA9B576B6}
		{493B8F15-E1C7-4D50-8C7B-4119BCCA214A} = {014ED996-C2E2-45FE-89F4-029C41B45514}
		{EE8F2924-1652-401D-920D-578E0F7FCF60} = {014ED996-C2E2-45FE-89F4-029C41B45514}
		{2D5887D6-BDAA-4FF9-9981-CFFFEA838E40} = {014ED996-C2E2-45FE-89F4-029C41B45514}
		{6E8F48E9-16CC-499D-9AAD-6AD5A364DD98} = {72E335FB-C834-4509-A8CF-342AA9B576B6}
		{E67209DA-79BC-47B0-9EAB-4D9AC1723297} = {6E8F48E9-16CC-499D-9AAD-6AD5A364DD98}
		{0401DB22-000E-4060-B1C3-D1293AECD590} = {6E8F48E9-16CC-499D-9AAD-6AD5A364DD98}
		{DA6AB591-BEB6-4F6B-B8B9-847A1E75DC0C} = {6C570A07-3D47-4F4B-B48A-E693934BB504}
		{7882DBA5-F87A-4AB0-A60A-0B4D47D6F763} = {DA6AB591-BEB6-4F6B-B8B9-847A1E75DC0C}
		{12425F6B-C2EC-4111-956F-3BC7E20E3C3D} = {DA6AB591-BEB6-4F6B-B8B9-847A1E75DC0C}
		{359AD44B-855C-4CF7-A58C-23648225B8CB} = {DA6AB591-BEB6-4F6B-B8B9-847A1E75DC0C}
		{EFBF0B5F-644B-4565-846E-352E84561499} = {DA6AB591-BEB6-4F6B-B8B9-847A1E75DC0C}
		{AB0E5787-D78A-4A10-96CC-7B48CCA7A2AB} = {DA6AB591-BEB6-4F6B-B8B9-847A1E75DC0C}
		{383DE64A-AD12-48EF-B6A1-11D0132330FC} = {6C570A07-3D47-4F4B-B48A-E693934BB504}
		{ADB1A431-FB65-420D-B164-59699A919E80} = {383DE64A-AD12-48EF-B6A1-11D0132330FC}
		{91B02555-8919-4F8E-A3ED-9B73FA898067} = {6C570A07-3D47-4F4B-B48A-E693934BB504}
		{CDC74E45-3C27-4235-81A7-51C996FF8818} = {91B02555-8919-4F8E-A3ED-9B73FA898067}
		{A77FF812-CFEC-4BA9-A670-3AD14622BE86} = {91B02555-8919-4F8E-A3ED-9B73FA898067}
		{4DDA2D40-B637-4C7B-84E4-53A27D304909} = {91B02555-8919-4F8E-A3ED-9B73FA898067}
		{462213DE-53B6-42A3-ABE7-B979F0B8447A} = {91B02555-8919-4F8E-A3ED-9B73FA898067}
		{09377264-AE58-4A8C-8E17-01559E5136EE} = {91B02555-8919-4F8E-A3ED-9B73FA898067}
		{4E30E795-E337-4DAE-9717-7E0EB16E8A39} = {91B02555-8919-4F8E-A3ED-9B73FA898067}
		{4DB81313-A78D-47DA-BE04-01E367D576E5} = {91B02555-8919-4F8E-A3ED-9B73FA898067}
	EndGlobalSection
EndGlobal
